# THIS IS AN AUTOGENERATED FILE. DO NOT EDIT THIS FILE DIRECTLY.
# yarn lockfile v1


"@babel/runtime@^7.1.2":
  version "7.6.3"
  resolved "https://registry.yarnpkg.com/@babel/runtime/-/runtime-7.6.3.tgz#935122c74c73d2240cafd32ddb5fc2a6cd35cf1f"
  dependencies:
    regenerator-runtime "^0.13.2"

"@blueprintjs/colors@^3.0.0":
  version "3.0.0"
  resolved "https://registry.yarnpkg.com/@blueprintjs/colors/-/colors-3.0.0.tgz#f121dc1bc24cc367668a425911fa8ff52e87014a"

"@blueprintjs/core@^3.36.0", "@blueprintjs/core@^3.49.1":
  version "3.49.1"
  resolved "https://registry.yarnpkg.com/@blueprintjs/core/-/core-3.49.1.tgz#6824ddb11ce2858f0b009c8ae0c774547e3edb0a"
  dependencies:
    "@blueprintjs/colors" "^3.0.0"
    "@blueprintjs/icons" "^3.29.0"
    "@types/dom4" "^2.0.1"
    classnames "^2.2"
    dom4 "^2.1.5"
    normalize.css "^8.0.1"
    popper.js "^1.16.1"
    react-lifecycles-compat "^3.0.4"
    react-popper "^1.3.7"
    react-transition-group "^2.9.0"
    resize-observer-polyfill "^1.5.1"
    tslib "~1.13.0"

"@blueprintjs/icons@^3.29.0":
  version "3.29.0"
  resolved "https://registry.yarnpkg.com/@blueprintjs/icons/-/icons-3.29.0.tgz#2e786c6264a1783f2df9423749236189a84c436e"
  dependencies:
    classnames "^2.2"
    tslib "~1.13.0"

"@blueprintjs/select@^3.15.0":
  version "3.18.1"
  resolved "https://registry.yarnpkg.com/@blueprintjs/select/-/select-3.18.1.tgz#655219326c09c80adf2711c0dd17191034c92248"
  dependencies:
    "@blueprintjs/core" "^3.49.1"
    classnames "^2.2"
    tslib "~1.13.0"

"@fortawesome/fontawesome-free@^5.12.0":
  version "5.14.0"
  resolved "https://registry.yarnpkg.com/@fortawesome/fontawesome-free/-/fontawesome-free-5.14.0.tgz#a371e91029ebf265015e64f81bfbf7d228c9681f"

"@jupyterlab/application@^3.0.0":
  version "3.1.9"
  resolved "https://registry.yarnpkg.com/@jupyterlab/application/-/application-3.1.9.tgz#e8fe4178128e410a420e6ec27ecb5aee343d6266"
  dependencies:
    "@fortawesome/fontawesome-free" "^5.12.0"
    "@jupyterlab/apputils" "^3.1.9"
    "@jupyterlab/coreutils" "^5.1.9"
    "@jupyterlab/docregistry" "^3.1.9"
    "@jupyterlab/rendermime" "^3.1.9"
    "@jupyterlab/rendermime-interfaces" "^3.1.9"
    "@jupyterlab/services" "^6.1.9"
    "@jupyterlab/statedb" "^3.1.9"
    "@jupyterlab/translation" "^3.1.9"
    "@jupyterlab/ui-components" "^3.1.9"
    "@lumino/algorithm" "^1.3.3"
    "@lumino/application" "^1.16.0"
    "@lumino/commands" "^1.12.0"
    "@lumino/coreutils" "^1.5.3"
    "@lumino/disposable" "^1.4.3"
    "@lumino/messaging" "^1.4.3"
    "@lumino/polling" "^1.3.3"
    "@lumino/properties" "^1.2.3"
    "@lumino/signaling" "^1.4.3"
    "@lumino/widgets" "^1.19.0"

"@jupyterlab/apputils@^3.1.9":
  version "3.1.9"
  resolved "https://registry.yarnpkg.com/@jupyterlab/apputils/-/apputils-3.1.9.tgz#de04e11c158b87500c25928e78f7971913e5d22b"
  dependencies:
    "@jupyterlab/coreutils" "^5.1.9"
    "@jupyterlab/services" "^6.1.9"
    "@jupyterlab/settingregistry" "^3.1.9"
    "@jupyterlab/statedb" "^3.1.9"
    "@jupyterlab/translation" "^3.1.9"
    "@jupyterlab/ui-components" "^3.1.9"
    "@lumino/algorithm" "^1.3.3"
    "@lumino/commands" "^1.12.0"
    "@lumino/coreutils" "^1.5.3"
    "@lumino/disposable" "^1.4.3"
    "@lumino/domutils" "^1.2.3"
    "@lumino/messaging" "^1.4.3"
    "@lumino/properties" "^1.2.3"
    "@lumino/signaling" "^1.4.3"
    "@lumino/virtualdom" "^1.8.0"
    "@lumino/widgets" "^1.19.0"
    "@types/react" "^17.0.0"
    react "^17.0.1"
    react-dom "^17.0.1"
    sanitize-html "~2.3.3"
    url "^0.11.0"

"@jupyterlab/codeeditor@^3.1.9":
  version "3.1.9"
  resolved "https://registry.yarnpkg.com/@jupyterlab/codeeditor/-/codeeditor-3.1.9.tgz#c096a84151e0e95757e53e01887b66b0a2a3ac7b"
  dependencies:
    "@jupyterlab/coreutils" "^5.1.9"
    "@jupyterlab/nbformat" "^3.1.9"
    "@jupyterlab/observables" "^4.1.9"
    "@jupyterlab/shared-models" "^3.1.9"
    "@jupyterlab/translation" "^3.1.9"
    "@jupyterlab/ui-components" "^3.1.9"
    "@lumino/coreutils" "^1.5.3"
    "@lumino/disposable" "^1.4.3"
    "@lumino/dragdrop" "^1.7.1"
    "@lumino/messaging" "^1.4.3"
    "@lumino/signaling" "^1.4.3"
    "@lumino/widgets" "^1.19.0"

"@jupyterlab/codemirror@^3.1.9":
  version "3.1.9"
  resolved "https://registry.yarnpkg.com/@jupyterlab/codemirror/-/codemirror-3.1.9.tgz#c81cbf288d5df3aa26a3b18a72b9252428c15937"
  dependencies:
    "@jupyterlab/apputils" "^3.1.9"
    "@jupyterlab/codeeditor" "^3.1.9"
    "@jupyterlab/coreutils" "^5.1.9"
    "@jupyterlab/nbformat" "^3.1.9"
    "@jupyterlab/observables" "^4.1.9"
    "@jupyterlab/shared-models" "^3.1.9"
    "@jupyterlab/statusbar" "^3.1.9"
    "@jupyterlab/translation" "^3.1.9"
    "@lumino/algorithm" "^1.3.3"
    "@lumino/commands" "^1.12.0"
    "@lumino/coreutils" "^1.5.3"
    "@lumino/disposable" "^1.4.3"
    "@lumino/polling" "^1.3.3"
    "@lumino/signaling" "^1.4.3"
    "@lumino/widgets" "^1.19.0"
    codemirror "~5.61.0"
    react "^17.0.1"
    y-codemirror "^2.1.1"

"@jupyterlab/coreutils@^5.1.9":
  version "5.1.9"
  resolved "https://registry.yarnpkg.com/@jupyterlab/coreutils/-/coreutils-5.1.9.tgz#e56c253dc89088369c76c637d4c6e75fadba7bec"
  dependencies:
    "@lumino/coreutils" "^1.5.3"
    "@lumino/disposable" "^1.4.3"
    "@lumino/signaling" "^1.4.3"
    minimist "~1.2.0"
    moment "^2.24.0"
    path-browserify "^1.0.0"
    url-parse "~1.5.1"

"@jupyterlab/docprovider@^3.1.9":
  version "3.1.9"
  resolved "https://registry.yarnpkg.com/@jupyterlab/docprovider/-/docprovider-3.1.9.tgz#c40049e5273c3d93c6adabe56ddfd179a039c22b"
  dependencies:
    "@jupyterlab/shared-models" "^3.1.9"
    "@lumino/coreutils" "^1.5.3"
    lib0 "^0.2.42"
    y-websocket "^1.3.15"
    yjs "^13.5.6"

"@jupyterlab/docregistry@^3.1.9":
  version "3.1.9"
  resolved "https://registry.yarnpkg.com/@jupyterlab/docregistry/-/docregistry-3.1.9.tgz#f8f1317e54473f7a022d07a19de3ac2635ca4273"
  dependencies:
    "@jupyterlab/apputils" "^3.1.9"
    "@jupyterlab/codeeditor" "^3.1.9"
    "@jupyterlab/codemirror" "^3.1.9"
    "@jupyterlab/coreutils" "^5.1.9"
    "@jupyterlab/docprovider" "^3.1.9"
    "@jupyterlab/observables" "^4.1.9"
    "@jupyterlab/rendermime" "^3.1.9"
    "@jupyterlab/rendermime-interfaces" "^3.1.9"
    "@jupyterlab/services" "^6.1.9"
    "@jupyterlab/shared-models" "^3.1.9"
    "@jupyterlab/translation" "^3.1.9"
    "@jupyterlab/ui-components" "^3.1.9"
    "@lumino/algorithm" "^1.3.3"
    "@lumino/coreutils" "^1.5.3"
    "@lumino/disposable" "^1.4.3"
    "@lumino/messaging" "^1.4.3"
    "@lumino/signaling" "^1.4.3"
    "@lumino/widgets" "^1.19.0"
    yjs "^13.5.6"

"@jupyterlab/mainmenu@^3.0.0":
  version "3.1.9"
  resolved "https://registry.yarnpkg.com/@jupyterlab/mainmenu/-/mainmenu-3.1.9.tgz#a9e5884a1e6f1149fcf7dfaad58d6705e4a64aa5"
  dependencies:
    "@jupyterlab/apputils" "^3.1.9"
    "@jupyterlab/services" "^6.1.9"
    "@jupyterlab/translation" "^3.1.9"
    "@jupyterlab/ui-components" "^3.1.9"
    "@lumino/algorithm" "^1.3.3"
    "@lumino/commands" "^1.12.0"
    "@lumino/coreutils" "^1.5.3"
    "@lumino/widgets" "^1.19.0"

"@jupyterlab/nbformat@^3.1.9":
  version "3.1.9"
  resolved "https://registry.yarnpkg.com/@jupyterlab/nbformat/-/nbformat-3.1.9.tgz#bdf581467ae748dcde3f0463321d4cf040b7968d"
  dependencies:
    "@lumino/coreutils" "^1.5.3"

"@jupyterlab/observables@^4.1.9":
  version "4.1.9"
  resolved "https://registry.yarnpkg.com/@jupyterlab/observables/-/observables-4.1.9.tgz#762f7b6212aad7bbe5a07a3a0fc0511a9e91f246"
  dependencies:
    "@lumino/algorithm" "^1.3.3"
    "@lumino/coreutils" "^1.5.3"
    "@lumino/disposable" "^1.4.3"
    "@lumino/messaging" "^1.4.3"
    "@lumino/signaling" "^1.4.3"

"@jupyterlab/rendermime-interfaces@^3.1.9":
  version "3.1.9"
  resolved "https://registry.yarnpkg.com/@jupyterlab/rendermime-interfaces/-/rendermime-interfaces-3.1.9.tgz#14b05dc9815aff883db3c1e89f12612638aa0ecf"
  dependencies:
    "@jupyterlab/translation" "^3.1.9"
    "@lumino/coreutils" "^1.5.3"
    "@lumino/widgets" "^1.19.0"

"@jupyterlab/rendermime@^3.1.9":
  version "3.1.9"
  resolved "https://registry.yarnpkg.com/@jupyterlab/rendermime/-/rendermime-3.1.9.tgz#99d6abfab69c4d29dab20ab503ecfe0d26033e4e"
  dependencies:
    "@jupyterlab/apputils" "^3.1.9"
    "@jupyterlab/codemirror" "^3.1.9"
    "@jupyterlab/coreutils" "^5.1.9"
    "@jupyterlab/nbformat" "^3.1.9"
    "@jupyterlab/observables" "^4.1.9"
    "@jupyterlab/rendermime-interfaces" "^3.1.9"
    "@jupyterlab/services" "^6.1.9"
    "@jupyterlab/translation" "^3.1.9"
    "@lumino/algorithm" "^1.3.3"
    "@lumino/coreutils" "^1.5.3"
    "@lumino/messaging" "^1.4.3"
    "@lumino/signaling" "^1.4.3"
    "@lumino/widgets" "^1.19.0"
    lodash.escape "^4.0.1"
    marked "^2.0.0"

"@jupyterlab/services@^6.1.9":
  version "6.1.9"
  resolved "https://registry.yarnpkg.com/@jupyterlab/services/-/services-6.1.9.tgz#55cab7a55a9d6573a340680b61bf0b6ba7cf7414"
  dependencies:
    "@jupyterlab/coreutils" "^5.1.9"
    "@jupyterlab/nbformat" "^3.1.9"
    "@jupyterlab/observables" "^4.1.9"
    "@jupyterlab/settingregistry" "^3.1.9"
    "@jupyterlab/statedb" "^3.1.9"
    "@lumino/algorithm" "^1.3.3"
    "@lumino/coreutils" "^1.5.3"
    "@lumino/disposable" "^1.4.3"
    "@lumino/polling" "^1.3.3"
    "@lumino/signaling" "^1.4.3"
    node-fetch "^2.6.0"
    ws "^7.4.6"

"@jupyterlab/settingregistry@^3.1.9":
  version "3.1.9"
  resolved "https://registry.yarnpkg.com/@jupyterlab/settingregistry/-/settingregistry-3.1.9.tgz#e61c19bda1808b5ef5d666676dce4eb9765ee3fc"
  dependencies:
    "@jupyterlab/statedb" "^3.1.9"
    "@lumino/commands" "^1.12.0"
    "@lumino/coreutils" "^1.5.3"
    "@lumino/disposable" "^1.4.3"
    "@lumino/signaling" "^1.4.3"
    ajv "^6.12.3"
    json5 "^2.1.1"

"@jupyterlab/shared-models@^3.1.9":
  version "3.1.9"
  resolved "https://registry.yarnpkg.com/@jupyterlab/shared-models/-/shared-models-3.1.9.tgz#67ae8d97c6be27a282342643b498aba452c2922e"
  dependencies:
    "@jupyterlab/nbformat" "^3.1.9"
    "@lumino/coreutils" "^1.5.3"
    "@lumino/disposable" "^1.4.3"
    "@lumino/signaling" "^1.4.3"
    y-protocols "^1.0.5"
    yjs "^13.5.6"

"@jupyterlab/statedb@^3.1.9":
  version "3.1.9"
  resolved "https://registry.yarnpkg.com/@jupyterlab/statedb/-/statedb-3.1.9.tgz#fc9bb30da278b341a387aaca1679d902c8529378"
  dependencies:
    "@lumino/commands" "^1.12.0"
    "@lumino/coreutils" "^1.5.3"
    "@lumino/disposable" "^1.4.3"
    "@lumino/properties" "^1.2.3"
    "@lumino/signaling" "^1.4.3"

"@jupyterlab/statusbar@^3.1.9":
  version "3.1.9"
  resolved "https://registry.yarnpkg.com/@jupyterlab/statusbar/-/statusbar-3.1.9.tgz#a026fbda87be3bd6fadb90dfcfa563237b55992a"
  dependencies:
    "@jupyterlab/apputils" "^3.1.9"
    "@jupyterlab/codeeditor" "^3.1.9"
    "@jupyterlab/services" "^6.1.9"
    "@jupyterlab/translation" "^3.1.9"
    "@jupyterlab/ui-components" "^3.1.9"
    "@lumino/algorithm" "^1.3.3"
    "@lumino/coreutils" "^1.5.3"
    "@lumino/disposable" "^1.4.3"
    "@lumino/messaging" "^1.4.3"
    "@lumino/signaling" "^1.4.3"
    "@lumino/widgets" "^1.19.0"
    csstype "~3.0.3"
    react "^17.0.1"
    typestyle "^2.0.4"

"@jupyterlab/translation@^3.1.9":
  version "3.1.9"
  resolved "https://registry.yarnpkg.com/@jupyterlab/translation/-/translation-3.1.9.tgz#27f85836577da7d386809bcdbbabd8f0024e274c"
  dependencies:
    "@jupyterlab/coreutils" "^5.1.9"
    "@jupyterlab/services" "^6.1.9"
    "@jupyterlab/statedb" "^3.1.9"
    "@lumino/coreutils" "^1.5.3"

"@jupyterlab/ui-components@^3.1.9":
  version "3.1.9"
  resolved "https://registry.yarnpkg.com/@jupyterlab/ui-components/-/ui-components-3.1.9.tgz#d779b75e10198dec19a5af76c6f21afa0f920a3c"
  dependencies:
    "@blueprintjs/core" "^3.36.0"
    "@blueprintjs/select" "^3.15.0"
    "@jupyterlab/coreutils" "^5.1.9"
    "@lumino/algorithm" "^1.3.3"
    "@lumino/coreutils" "^1.5.3"
    "@lumino/disposable" "^1.4.3"
    "@lumino/signaling" "^1.4.3"
    "@lumino/virtualdom" "^1.8.0"
    "@lumino/widgets" "^1.19.0"
    react "^17.0.1"
    react-dom "^17.0.1"
    typestyle "^2.0.4"

"@lumino/algorithm@^1.3.3":
  version "1.3.3"
  resolved "https://registry.yarnpkg.com/@lumino/algorithm/-/algorithm-1.3.3.tgz#fdf4daa407a1ce6f233e173add6a2dda0c99eef4"

"@lumino/algorithm@^1.6.2":
  version "1.6.2"
  resolved "https://registry.yarnpkg.com/@lumino/algorithm/-/algorithm-1.6.2.tgz#c68968d04857f7fbe9f4856ab3078aee7694868e"

"@lumino/application@^1.16.0":
  version "1.23.2"
  resolved "https://registry.yarnpkg.com/@lumino/application/-/application-1.23.2.tgz#01ffb2900af9c9dc54d6b732c398668849bae93c"
  dependencies:
    "@lumino/commands" "^1.15.2"
    "@lumino/coreutils" "^1.8.2"
    "@lumino/widgets" "^1.26.2"

"@lumino/collections@^1.3.3":
  version "1.3.3"
  resolved "https://registry.yarnpkg.com/@lumino/collections/-/collections-1.3.3.tgz#fa95c826b93ee6e24b3c4b07c8f595312525f8cc"
  dependencies:
    "@lumino/algorithm" "^1.3.3"

"@lumino/collections@^1.6.2":
  version "1.6.2"
  resolved "https://registry.yarnpkg.com/@lumino/collections/-/collections-1.6.2.tgz#9cbfd54e81aefbc1693d8dbc2b3b45a2c011b8cd"
  dependencies:
    "@lumino/algorithm" "^1.6.2"

"@lumino/commands@^1.12.0", "@lumino/commands@^1.15.2":
  version "1.15.2"
  resolved "https://registry.yarnpkg.com/@lumino/commands/-/commands-1.15.2.tgz#9543f80667fac50765466f4470c3915c580360de"
  dependencies:
    "@lumino/algorithm" "^1.6.2"
    "@lumino/coreutils" "^1.8.2"
    "@lumino/disposable" "^1.7.2"
    "@lumino/domutils" "^1.5.2"
    "@lumino/keyboard" "^1.5.2"
    "@lumino/signaling" "^1.7.2"
    "@lumino/virtualdom" "^1.11.2"

"@lumino/coreutils@^1.5.3":
  version "1.5.3"
  resolved "https://registry.yarnpkg.com/@lumino/coreutils/-/coreutils-1.5.3.tgz#89dd7b7f381642a1bf568910c5b62c7bde705d71"

"@lumino/coreutils@^1.8.2":
  version "1.8.2"
  resolved "https://registry.yarnpkg.com/@lumino/coreutils/-/coreutils-1.8.2.tgz#e303a3b12a319f0f304b835269ca85319346d219"

"@lumino/disposable@^1.4.3":
  version "1.4.3"
  resolved "https://registry.yarnpkg.com/@lumino/disposable/-/disposable-1.4.3.tgz#0a69b15cc5a1e506f93bb390ac44aae338da3c36"
  dependencies:
    "@lumino/algorithm" "^1.3.3"
    "@lumino/signaling" "^1.4.3"

"@lumino/disposable@^1.7.2":
  version "1.7.2"
  resolved "https://registry.yarnpkg.com/@lumino/disposable/-/disposable-1.7.2.tgz#86c30bee7335bc624881195501de58a074195b34"
  dependencies:
    "@lumino/algorithm" "^1.6.2"
    "@lumino/signaling" "^1.7.2"

"@lumino/domutils@^1.2.3":
  version "1.2.3"
  resolved "https://registry.yarnpkg.com/@lumino/domutils/-/domutils-1.2.3.tgz#7e8e549a97624bfdbd4dd95ae4d1e30b87799822"

"@lumino/domutils@^1.5.2":
  version "1.5.2"
  resolved "https://registry.yarnpkg.com/@lumino/domutils/-/domutils-1.5.2.tgz#a0130967b95aa4a81cd7abc21db98e2f3416ce51"

"@lumino/dragdrop@^1.10.2", "@lumino/dragdrop@^1.7.1":
  version "1.10.2"
  resolved "https://registry.yarnpkg.com/@lumino/dragdrop/-/dragdrop-1.10.2.tgz#09f539873c8a35e0394aa4b4aca3db2825d57cf1"
  dependencies:
    "@lumino/coreutils" "^1.8.2"
    "@lumino/disposable" "^1.7.2"

"@lumino/keyboard@^1.5.2":
  version "1.5.2"
  resolved "https://registry.yarnpkg.com/@lumino/keyboard/-/keyboard-1.5.2.tgz#1d937cf071b16a6dbed3a2a5876e0892a504f9df"

"@lumino/messaging@^1.4.3":
  version "1.4.3"
  resolved "https://registry.yarnpkg.com/@lumino/messaging/-/messaging-1.4.3.tgz#75a1901f53086c7c0e978a63cb784eae5cc59f3f"
  dependencies:
    "@lumino/algorithm" "^1.3.3"
    "@lumino/collections" "^1.3.3"

"@lumino/messaging@^1.7.2":
  version "1.7.2"
  resolved "https://registry.yarnpkg.com/@lumino/messaging/-/messaging-1.7.2.tgz#568f38d4fa5ef3cecef24cde3f85e582b038f5ed"
  dependencies:
    "@lumino/algorithm" "^1.6.2"
    "@lumino/collections" "^1.6.2"

"@lumino/polling@^1.3.3":
  version "1.6.2"
  resolved "https://registry.yarnpkg.com/@lumino/polling/-/polling-1.6.2.tgz#8bc7019538e2b03de2d553bf0eb67c7abeeaad61"
  dependencies:
    "@lumino/coreutils" "^1.8.2"
    "@lumino/disposable" "^1.7.2"
    "@lumino/signaling" "^1.7.2"

"@lumino/properties@^1.2.3":
  version "1.2.3"
  resolved "https://registry.yarnpkg.com/@lumino/properties/-/properties-1.2.3.tgz#10675e554e4a9dcc4022de01875fd51f33e2c785"

"@lumino/properties@^1.5.2":
  version "1.5.2"
  resolved "https://registry.yarnpkg.com/@lumino/properties/-/properties-1.5.2.tgz#aa3211552ddb2e9566f90cd75f074be53879ad6e"

"@lumino/signaling@^1.4.3":
  version "1.4.3"
  resolved "https://registry.yarnpkg.com/@lumino/signaling/-/signaling-1.4.3.tgz#d29f7f542fdcd70b91ca275d3ca793ae21cebf6a"
  dependencies:
    "@lumino/algorithm" "^1.3.3"

"@lumino/signaling@^1.7.2":
  version "1.7.2"
  resolved "https://registry.yarnpkg.com/@lumino/signaling/-/signaling-1.7.2.tgz#76eec02b6edf333b804b232fdd6cc5aff669076a"
  dependencies:
    "@lumino/algorithm" "^1.6.2"

"@lumino/virtualdom@^1.11.2", "@lumino/virtualdom@^1.8.0":
  version "1.11.2"
  resolved "https://registry.yarnpkg.com/@lumino/virtualdom/-/virtualdom-1.11.2.tgz#131be2b9f2fcb443722cc07779be8af3cf675abc"
  dependencies:
    "@lumino/algorithm" "^1.6.2"

"@lumino/widgets@^1.16.1", "@lumino/widgets@^1.19.0", "@lumino/widgets@^1.26.2":
  version "1.26.2"
  resolved "https://registry.yarnpkg.com/@lumino/widgets/-/widgets-1.26.2.tgz#f8833af7112558d270e1931b05a55c6341ffae7f"
  dependencies:
    "@lumino/algorithm" "^1.6.2"
    "@lumino/commands" "^1.15.2"
    "@lumino/coreutils" "^1.8.2"
    "@lumino/disposable" "^1.7.2"
    "@lumino/domutils" "^1.5.2"
    "@lumino/dragdrop" "^1.10.2"
    "@lumino/keyboard" "^1.5.2"
    "@lumino/messaging" "^1.7.2"
    "@lumino/properties" "^1.5.2"
    "@lumino/signaling" "^1.7.2"
    "@lumino/virtualdom" "^1.11.2"

"@types/dom4@^2.0.1":
  version "2.0.1"
  resolved "https://registry.yarnpkg.com/@types/dom4/-/dom4-2.0.1.tgz#506d5781b9bcab81bd9a878b198aec7dee2a6033"

"@types/prop-types@*":
  version "15.7.1"
  resolved "https://registry.yarnpkg.com/@types/prop-types/-/prop-types-15.7.1.tgz#f1a11e7babb0c3cad68100be381d1e064c68f1f6"

"@types/react@^17.0.0":
  version "17.0.19"
  resolved "https://registry.yarnpkg.com/@types/react/-/react-17.0.19.tgz#8f2a85e8180a43b57966b237d26a29481dacc991"
  dependencies:
    "@types/prop-types" "*"
    "@types/scheduler" "*"
    csstype "^3.0.2"

"@types/scheduler@*":
  version "0.16.2"
  resolved "https://registry.yarnpkg.com/@types/scheduler/-/scheduler-0.16.2.tgz#1a62f89525723dde24ba1b01b092bf5df8ad4d39"

abstract-leveldown@^6.2.1:
  version "6.3.0"
  resolved "https://registry.yarnpkg.com/abstract-leveldown/-/abstract-leveldown-6.3.0.tgz#d25221d1e6612f820c35963ba4bd739928f6026a"
  dependencies:
    buffer "^5.5.0"
    immediate "^3.2.3"
    level-concat-iterator "~2.0.0"
    level-supports "~1.0.0"
    xtend "~4.0.0"

abstract-leveldown@~6.2.1, abstract-leveldown@~6.2.3:
  version "6.2.3"
  resolved "https://registry.yarnpkg.com/abstract-leveldown/-/abstract-leveldown-6.2.3.tgz#036543d87e3710f2528e47040bc3261b77a9a8eb"
  dependencies:
    buffer "^5.5.0"
    immediate "^3.2.3"
    level-concat-iterator "~2.0.0"
    level-supports "~1.0.0"
    xtend "~4.0.0"

ajv@^6.12.3:
  version "6.12.6"
  resolved "https://registry.yarnpkg.com/ajv/-/ajv-6.12.6.tgz#baf5a62e802b07d977034586f8c3baf5adf26df4"
  dependencies:
    fast-deep-equal "^3.1.1"
    fast-json-stable-stringify "^2.0.0"
    json-schema-traverse "^0.4.1"
    uri-js "^4.2.2"

async-limiter@~1.0.0:
  version "1.0.1"
  resolved "https://registry.yarnpkg.com/async-limiter/-/async-limiter-1.0.1.tgz#dd379e94f0db8310b08291f9d64c3209766617fd"

balanced-match@^1.0.0:
  version "1.0.0"
  resolved "https://registry.yarnpkg.com/balanced-match/-/balanced-match-1.0.0.tgz#89b4d199ab2bee49de164ea02b89ce462d71b767"

base64-js@^1.3.1:
  version "1.5.1"
  resolved "https://registry.yarnpkg.com/base64-js/-/base64-js-1.5.1.tgz#1b1b440160a5bf7ad40b650f095963481903930a"

brace-expansion@^1.1.7:
  version "1.1.11"
  resolved "https://registry.yarnpkg.com/brace-expansion/-/brace-expansion-1.1.11.tgz#3c7fcbf529d87226f3d2f52b966ff5271eb441dd"
  dependencies:
    balanced-match "^1.0.0"
    concat-map "0.0.1"

buffer@^5.5.0, buffer@^5.6.0:
  version "5.7.1"
  resolved "https://registry.yarnpkg.com/buffer/-/buffer-5.7.1.tgz#ba62e7c13133053582197160851a8f648e99eed0"
  dependencies:
    base64-js "^1.3.1"
    ieee754 "^1.1.13"

classnames@^2.2:
  version "2.2.6"
  resolved "https://registry.yarnpkg.com/classnames/-/classnames-2.2.6.tgz#43935bffdd291f326dad0a205309b38d00f650ce"

codemirror@~5.61.0:
  version "5.61.1"
  resolved "https://registry.yarnpkg.com/codemirror/-/codemirror-5.61.1.tgz#ccfc8a43b8fcfb8b12e8e75b5ffde48d541406e0"

colorette@^1.2.2:
  version "1.3.0"
  resolved "https://registry.yarnpkg.com/colorette/-/colorette-1.3.0.tgz#ff45d2f0edb244069d3b772adeb04fed38d0a0af"

concat-map@0.0.1:
  version "0.0.1"
  resolved "https://registry.yarnpkg.com/concat-map/-/concat-map-0.0.1.tgz#d8a96bd77fd68df7793a73036a3ba0d5405d477b"

create-react-context@^0.3.0:
  version "0.3.0"
  resolved "https://registry.yarnpkg.com/create-react-context/-/create-react-context-0.3.0.tgz#546dede9dc422def0d3fc2fe03afe0bc0f4f7d8c"
  dependencies:
    gud "^1.0.0"
    warning "^4.0.3"

csstype@2.6.9:
  version "2.6.9"
  resolved "https://registry.yarnpkg.com/csstype/-/csstype-2.6.9.tgz#05141d0cd557a56b8891394c1911c40c8a98d098"

csstype@^3.0.2:
  version "3.0.3"
  resolved "https://registry.yarnpkg.com/csstype/-/csstype-3.0.3.tgz#2b410bbeba38ba9633353aff34b05d9755d065f8"

csstype@~3.0.3:
  version "3.0.8"
  resolved "https://registry.yarnpkg.com/csstype/-/csstype-3.0.8.tgz#d2266a792729fb227cd216fb572f43728e1ad340"

deep-equal@^1.1.1:
  version "1.1.1"
  resolved "https://registry.yarnpkg.com/deep-equal/-/deep-equal-1.1.1.tgz#b5c98c942ceffaf7cb051e24e1434a25a2e6076a"
  dependencies:
    is-arguments "^1.0.4"
    is-date-object "^1.0.1"
    is-regex "^1.0.4"
    object-is "^1.0.1"
    object-keys "^1.1.1"
    regexp.prototype.flags "^1.2.0"

deepmerge@^4.2.2:
  version "4.2.2"
  resolved "https://registry.yarnpkg.com/deepmerge/-/deepmerge-4.2.2.tgz#44d2ea3679b8f4d4ffba33f03d865fc1e7bf4955"

deferred-leveldown@~5.3.0:
  version "5.3.0"
  resolved "https://registry.yarnpkg.com/deferred-leveldown/-/deferred-leveldown-5.3.0.tgz#27a997ad95408b61161aa69bd489b86c71b78058"
  dependencies:
    abstract-leveldown "~6.2.1"
    inherits "^2.0.3"

define-properties@^1.1.2, define-properties@^1.1.3:
  version "1.1.3"
  resolved "https://registry.yarnpkg.com/define-properties/-/define-properties-1.1.3.tgz#cf88da6cbee26fe6db7094f61d870cbd84cee9f1"
  dependencies:
    object-keys "^1.0.12"

dom-helpers@^3.4.0:
  version "3.4.0"
  resolved "https://registry.yarnpkg.com/dom-helpers/-/dom-helpers-3.4.0.tgz#e9b369700f959f62ecde5a6babde4bccd9169af8"
  dependencies:
    "@babel/runtime" "^7.1.2"

dom-serializer@^1.0.1:
  version "1.3.2"
  resolved "https://registry.yarnpkg.com/dom-serializer/-/dom-serializer-1.3.2.tgz#6206437d32ceefaec7161803230c7a20bc1b4d91"
  dependencies:
    domelementtype "^2.0.1"
    domhandler "^4.2.0"
    entities "^2.0.0"

dom4@^2.1.5:
  version "2.1.5"
  resolved "https://registry.yarnpkg.com/dom4/-/dom4-2.1.5.tgz#f98a94eb67b340f0fa5b42b0ee9c38cda035428e"

domelementtype@^2.0.1, domelementtype@^2.2.0:
  version "2.2.0"
  resolved "https://registry.yarnpkg.com/domelementtype/-/domelementtype-2.2.0.tgz#9a0b6c2782ed6a1c7323d42267183df9bd8b1d57"

domhandler@^4.0.0, domhandler@^4.2.0:
  version "4.2.2"
  resolved "https://registry.yarnpkg.com/domhandler/-/domhandler-4.2.2.tgz#e825d721d19a86b8c201a35264e226c678ee755f"
  dependencies:
    domelementtype "^2.2.0"

domutils@^2.5.2:
  version "2.8.0"
  resolved "https://registry.yarnpkg.com/domutils/-/domutils-2.8.0.tgz#4437def5db6e2d1f5d6ee859bd95ca7d02048135"
  dependencies:
    dom-serializer "^1.0.1"
    domelementtype "^2.2.0"
    domhandler "^4.2.0"

encoding-down@^6.3.0:
  version "6.3.0"
  resolved "https://registry.yarnpkg.com/encoding-down/-/encoding-down-6.3.0.tgz#b1c4eb0e1728c146ecaef8e32963c549e76d082b"
  dependencies:
    abstract-leveldown "^6.2.1"
    inherits "^2.0.3"
    level-codec "^9.0.0"
    level-errors "^2.0.0"

entities@^2.0.0:
  version "2.2.0"
  resolved "https://registry.yarnpkg.com/entities/-/entities-2.2.0.tgz#098dc90ebb83d8dffa089d55256b351d34c4da55"

errno@~0.1.1:
  version "0.1.8"
  resolved "https://registry.yarnpkg.com/errno/-/errno-0.1.8.tgz#8bb3e9c7d463be4976ff888f76b4809ebc2e811f"
  dependencies:
    prr "~1.0.1"

es-abstract@^1.17.0-next.1, es-abstract@^1.17.5:
  version "1.17.6"
  resolved "https://registry.yarnpkg.com/es-abstract/-/es-abstract-1.17.6.tgz#9142071707857b2cacc7b89ecb670316c3e2d52a"
  dependencies:
    es-to-primitive "^1.2.1"
    function-bind "^1.1.1"
    has "^1.0.3"
    has-symbols "^1.0.1"
    is-callable "^1.2.0"
    is-regex "^1.1.0"
    object-inspect "^1.7.0"
    object-keys "^1.1.1"
    object.assign "^4.1.0"
    string.prototype.trimend "^1.0.1"
    string.prototype.trimstart "^1.0.1"

es-to-primitive@^1.2.1:
  version "1.2.1"
  resolved "https://registry.yarnpkg.com/es-to-primitive/-/es-to-primitive-1.2.1.tgz#e55cd4c9cdc188bcefb03b366c736323fc5c898a"
  dependencies:
    is-callable "^1.1.4"
    is-date-object "^1.0.1"
    is-symbol "^1.0.2"

escape-string-regexp@^4.0.0:
  version "4.0.0"
  resolved "https://registry.yarnpkg.com/escape-string-regexp/-/escape-string-regexp-4.0.0.tgz#14ba83a5d373e3d311e5afca29cf5bfad965bf34"

fast-deep-equal@^3.1.1:
  version "3.1.3"
  resolved "https://registry.yarnpkg.com/fast-deep-equal/-/fast-deep-equal-3.1.3.tgz#3a7d56b559d6cbc3eb512325244e619a65c6c525"

fast-json-stable-stringify@^2.0.0:
  version "2.0.0"
  resolved "https://registry.yarnpkg.com/fast-json-stable-stringify/-/fast-json-stable-stringify-2.0.0.tgz#d5142c0caee6b1189f87d3a76111064f86c8bbf2"

free-style@3.1.0:
  version "3.1.0"
  resolved "https://registry.yarnpkg.com/free-style/-/free-style-3.1.0.tgz#4e2996029534e6b1731611d843437b9e2f473f08"

fs.realpath@^1.0.0:
  version "1.0.0"
  resolved "https://registry.yarnpkg.com/fs.realpath/-/fs.realpath-1.0.0.tgz#1504ad2523158caa40db4a2787cb01411994ea4f"

function-bind@^1.1.1:
  version "1.1.1"
  resolved "https://registry.yarnpkg.com/function-bind/-/function-bind-1.1.1.tgz#a56899d3ea3c9bab874bb9773b7c5ede92f4895d"

glob@^7.1.3:
  version "7.1.3"
  resolved "https://registry.yarnpkg.com/glob/-/glob-7.1.3.tgz#3960832d3f1574108342dafd3a67b332c0969df1"
  dependencies:
    fs.realpath "^1.0.0"
    inflight "^1.0.4"
    inherits "2"
    minimatch "^3.0.4"
    once "^1.3.0"
    path-is-absolute "^1.0.0"

gud@^1.0.0:
  version "1.0.0"
  resolved "https://registry.yarnpkg.com/gud/-/gud-1.0.0.tgz#a489581b17e6a70beca9abe3ae57de7a499852c0"

has-symbols@^1.0.0, has-symbols@^1.0.1:
  version "1.0.1"
  resolved "https://registry.yarnpkg.com/has-symbols/-/has-symbols-1.0.1.tgz#9f5214758a44196c406d9bd76cebf81ec2dd31e8"

has@^1.0.3:
  version "1.0.3"
  resolved "https://registry.yarnpkg.com/has/-/has-1.0.3.tgz#722d7cbfc1f6aa8241f16dd814e011e1f41e8796"
  dependencies:
    function-bind "^1.1.1"

htmlparser2@^6.0.0:
  version "6.1.0"
  resolved "https://registry.yarnpkg.com/htmlparser2/-/htmlparser2-6.1.0.tgz#c4d762b6c3371a05dbe65e94ae43a9f845fb8fb7"
  dependencies:
    domelementtype "^2.0.1"
    domhandler "^4.0.0"
    domutils "^2.5.2"
    entities "^2.0.0"

ieee754@^1.1.13:
  version "1.2.1"
  resolved "https://registry.yarnpkg.com/ieee754/-/ieee754-1.2.1.tgz#8eb7a10a63fff25d15a57b001586d177d1b0d352"

immediate@^3.2.3:
  version "3.3.0"
  resolved "https://registry.yarnpkg.com/immediate/-/immediate-3.3.0.tgz#1aef225517836bcdf7f2a2de2600c79ff0269266"

inflight@^1.0.4:
  version "1.0.6"
  resolved "https://registry.yarnpkg.com/inflight/-/inflight-1.0.6.tgz#49bd6331d7d02d0c09bc910a1075ba8165b56df9"
  dependencies:
    once "^1.3.0"
    wrappy "1"

inherits@2, inherits@^2.0.3:
  version "2.0.3"
  resolved "https://registry.yarnpkg.com/inherits/-/inherits-2.0.3.tgz#633c2c83e3da42a502f52466022480f4208261de"

inherits@^2.0.4:
  version "2.0.4"
  resolved "https://registry.yarnpkg.com/inherits/-/inherits-2.0.4.tgz#0fa2c64f932917c3433a0ded55363aae37416b7c"

is-arguments@^1.0.4:
  version "1.0.4"
  resolved "https://registry.yarnpkg.com/is-arguments/-/is-arguments-1.0.4.tgz#3faf966c7cba0ff437fb31f6250082fcf0448cf3"

is-callable@^1.1.4, is-callable@^1.2.0:
  version "1.2.0"
  resolved "https://registry.yarnpkg.com/is-callable/-/is-callable-1.2.0.tgz#83336560b54a38e35e3a2df7afd0454d691468bb"

is-date-object@^1.0.1:
  version "1.0.2"
  resolved "https://registry.yarnpkg.com/is-date-object/-/is-date-object-1.0.2.tgz#bda736f2cd8fd06d32844e7743bfa7494c3bfd7e"

is-plain-object@^5.0.0:
  version "5.0.0"
  resolved "https://registry.yarnpkg.com/is-plain-object/-/is-plain-object-5.0.0.tgz#4427f50ab3429e9025ea7d52e9043a9ef4159344"

is-regex@^1.0.4, is-regex@^1.1.0:
  version "1.1.1"
  resolved "https://registry.yarnpkg.com/is-regex/-/is-regex-1.1.1.tgz#c6f98aacc546f6cec5468a07b7b153ab564a57b9"
  dependencies:
    has-symbols "^1.0.1"

is-symbol@^1.0.2:
  version "1.0.3"
  resolved "https://registry.yarnpkg.com/is-symbol/-/is-symbol-1.0.3.tgz#38e1014b9e6329be0de9d24a414fd7441ec61937"
  dependencies:
    has-symbols "^1.0.1"

isomorphic.js@^0.2.4:
  version "0.2.4"
  resolved "https://registry.yarnpkg.com/isomorphic.js/-/isomorphic.js-0.2.4.tgz#24ca374163ae54a7ce3b86ce63b701b91aa84969"

"js-tokens@^3.0.0 || ^4.0.0":
  version "4.0.0"
  resolved "https://registry.yarnpkg.com/js-tokens/-/js-tokens-4.0.0.tgz#19203fb59991df98e3a287050d4647cdeaf32499"

json-schema-traverse@^0.4.1:
  version "0.4.1"
  resolved "https://registry.yarnpkg.com/json-schema-traverse/-/json-schema-traverse-0.4.1.tgz#69f6a87d9513ab8bb8fe63bdb0979c448e684660"

json5@^2.1.1:
  version "2.1.3"
  resolved "https://registry.yarnpkg.com/json5/-/json5-2.1.3.tgz#c9b0f7fa9233bfe5807fe66fcf3a5617ed597d43"
  dependencies:
    minimist "^1.2.5"

klona@^2.0.3:
  version "2.0.4"
  resolved "https://registry.yarnpkg.com/klona/-/klona-2.0.4.tgz#7bb1e3affb0cb8624547ef7e8f6708ea2e39dfc0"

level-codec@^9.0.0:
  version "9.0.2"
  resolved "https://registry.yarnpkg.com/level-codec/-/level-codec-9.0.2.tgz#fd60df8c64786a80d44e63423096ffead63d8cbc"
  dependencies:
    buffer "^5.6.0"

level-concat-iterator@~2.0.0:
  version "2.0.1"
  resolved "https://registry.yarnpkg.com/level-concat-iterator/-/level-concat-iterator-2.0.1.tgz#1d1009cf108340252cb38c51f9727311193e6263"

level-errors@^2.0.0, level-errors@~2.0.0:
  version "2.0.1"
  resolved "https://registry.yarnpkg.com/level-errors/-/level-errors-2.0.1.tgz#2132a677bf4e679ce029f517c2f17432800c05c8"
  dependencies:
    errno "~0.1.1"

level-iterator-stream@~4.0.0:
  version "4.0.2"
  resolved "https://registry.yarnpkg.com/level-iterator-stream/-/level-iterator-stream-4.0.2.tgz#7ceba69b713b0d7e22fcc0d1f128ccdc8a24f79c"
  dependencies:
    inherits "^2.0.4"
    readable-stream "^3.4.0"
    xtend "^4.0.2"

level-js@^5.0.0:
  version "5.0.2"
  resolved "https://registry.yarnpkg.com/level-js/-/level-js-5.0.2.tgz#5e280b8f93abd9ef3a305b13faf0b5397c969b55"
  dependencies:
    abstract-leveldown "~6.2.3"
    buffer "^5.5.0"
    inherits "^2.0.3"
    ltgt "^2.1.2"

level-packager@^5.1.0:
  version "5.1.1"
  resolved "https://registry.yarnpkg.com/level-packager/-/level-packager-5.1.1.tgz#323ec842d6babe7336f70299c14df2e329c18939"
  dependencies:
    encoding-down "^6.3.0"
    levelup "^4.3.2"

level-supports@~1.0.0:
  version "1.0.1"
  resolved "https://registry.yarnpkg.com/level-supports/-/level-supports-1.0.1.tgz#2f530a596834c7301622521988e2c36bb77d122d"
  dependencies:
    xtend "^4.0.2"

level@^6.0.1:
  version "6.0.1"
  resolved "https://registry.yarnpkg.com/level/-/level-6.0.1.tgz#dc34c5edb81846a6de5079eac15706334b0d7cd6"
  dependencies:
    level-js "^5.0.0"
    level-packager "^5.1.0"
    leveldown "^5.4.0"

leveldown@^5.4.0:
  version "5.6.0"
  resolved "https://registry.yarnpkg.com/leveldown/-/leveldown-5.6.0.tgz#16ba937bb2991c6094e13ac5a6898ee66d3eee98"
  dependencies:
    abstract-leveldown "~6.2.1"
    napi-macros "~2.0.0"
    node-gyp-build "~4.1.0"

levelup@^4.3.2:
  version "4.4.0"
  resolved "https://registry.yarnpkg.com/levelup/-/levelup-4.4.0.tgz#f89da3a228c38deb49c48f88a70fb71f01cafed6"
  dependencies:
    deferred-leveldown "~5.3.0"
    level-errors "~2.0.0"
    level-iterator-stream "~4.0.0"
    level-supports "~1.0.0"
    xtend "~4.0.0"

lib0@^0.2.31, lib0@^0.2.41, lib0@^0.2.42:
  version "0.2.42"
  resolved "https://registry.yarnpkg.com/lib0/-/lib0-0.2.42.tgz#6d8bf1fb8205dec37a953c521c5ee403fd8769b0"
  dependencies:
    isomorphic.js "^0.2.4"

lodash.debounce@^4.0.8:
  version "4.0.8"
  resolved "https://registry.yarnpkg.com/lodash.debounce/-/lodash.debounce-4.0.8.tgz#82d79bff30a67c4005ffd5e2515300ad9ca4d7af"

lodash.escape@^4.0.1:
  version "4.0.1"
  resolved "https://registry.yarnpkg.com/lodash.escape/-/lodash.escape-4.0.1.tgz#c9044690c21e04294beaa517712fded1fa88de98"

loose-envify@^1.0.0, loose-envify@^1.1.0, loose-envify@^1.4.0:
  version "1.4.0"
  resolved "https://registry.yarnpkg.com/loose-envify/-/loose-envify-1.4.0.tgz#71ee51fa7be4caec1a63839f7e682d8132d30caf"
  dependencies:
    js-tokens "^3.0.0 || ^4.0.0"

ltgt@^2.1.2:
  version "2.2.1"
  resolved "https://registry.yarnpkg.com/ltgt/-/ltgt-2.2.1.tgz#f35ca91c493f7b73da0e07495304f17b31f87ee5"

marked@^2.0.0:
  version "2.1.3"
  resolved "https://registry.yarnpkg.com/marked/-/marked-2.1.3.tgz#bd017cef6431724fd4b27e0657f5ceb14bff3753"

minimatch@^3.0.4:
  version "3.0.4"
  resolved "https://registry.yarnpkg.com/minimatch/-/minimatch-3.0.4.tgz#5166e286457f03306064be5497e8dbb0c3d32083"
  dependencies:
    brace-expansion "^1.1.7"

minimist@^1.2.5, minimist@~1.2.0:
  version "1.2.5"
  resolved "https://registry.yarnpkg.com/minimist/-/minimist-1.2.5.tgz#67d66014b66a6a8aaa0c083c5fd58df4e4e97602"

moment@^2.24.0:
  version "2.24.0"
  resolved "https://registry.yarnpkg.com/moment/-/moment-2.24.0.tgz#0d055d53f5052aa653c9f6eb68bb5d12bf5c2b5b"

nanoid@^3.1.23:
  version "3.1.25"
  resolved "https://registry.yarnpkg.com/nanoid/-/nanoid-3.1.25.tgz#09ca32747c0e543f0e1814b7d3793477f9c8e152"

napi-macros@~2.0.0:
  version "2.0.0"
  resolved "https://registry.yarnpkg.com/napi-macros/-/napi-macros-2.0.0.tgz#2b6bae421e7b96eb687aa6c77a7858640670001b"

node-fetch@^2.6.0:
  version "2.6.1"
  resolved "https://registry.yarnpkg.com/node-fetch/-/node-fetch-2.6.1.tgz#045bd323631f76ed2e2b55573394416b639a0052"

node-gyp-build@~4.1.0:
  version "4.1.1"
  resolved "https://registry.yarnpkg.com/node-gyp-build/-/node-gyp-build-4.1.1.tgz#d7270b5d86717068d114cc57fff352f96d745feb"

normalize.css@^8.0.1:
  version "8.0.1"
  resolved "https://registry.yarnpkg.com/normalize.css/-/normalize.css-8.0.1.tgz#9b98a208738b9cc2634caacbc42d131c97487bf3"

object-assign@^4.1.1:
  version "4.1.1"
  resolved "https://registry.yarnpkg.com/object-assign/-/object-assign-4.1.1.tgz#2109adc7965887cfc05cbbd442cac8bfbb360863"

object-inspect@^1.7.0:
  version "1.8.0"
  resolved "https://registry.yarnpkg.com/object-inspect/-/object-inspect-1.8.0.tgz#df807e5ecf53a609cc6bfe93eac3cc7be5b3a9d0"

object-is@^1.0.1:
  version "1.1.2"
  resolved "https://registry.yarnpkg.com/object-is/-/object-is-1.1.2.tgz#c5d2e87ff9e119f78b7a088441519e2eec1573b6"
  dependencies:
    define-properties "^1.1.3"
    es-abstract "^1.17.5"

object-keys@^1.0.11, object-keys@^1.0.12, object-keys@^1.1.1:
  version "1.1.1"
  resolved "https://registry.yarnpkg.com/object-keys/-/object-keys-1.1.1.tgz#1c47f272df277f3b1daf061677d9c82e2322c60e"

object.assign@^4.1.0:
  version "4.1.0"
  resolved "https://registry.yarnpkg.com/object.assign/-/object.assign-4.1.0.tgz#968bf1100d7956bb3ca086f006f846b3bc4008da"
  dependencies:
    define-properties "^1.1.2"
    function-bind "^1.1.1"
    has-symbols "^1.0.0"
    object-keys "^1.0.11"

once@^1.3.0:
  version "1.4.0"
  resolved "https://registry.yarnpkg.com/once/-/once-1.4.0.tgz#583b1aa775961d4b113ac17d9c50baef9dd76bd1"
  dependencies:
    wrappy "1"

parse-srcset@^1.0.2:
  version "1.0.2"
  resolved "https://registry.yarnpkg.com/parse-srcset/-/parse-srcset-1.0.2.tgz#f2bd221f6cc970a938d88556abc589caaaa2bde1"

path-browserify@^1.0.0:
  version "1.0.1"
  resolved "https://registry.yarnpkg.com/path-browserify/-/path-browserify-1.0.1.tgz#d98454a9c3753d5790860f16f68867b9e46be1fd"

path-is-absolute@^1.0.0:
  version "1.0.1"
  resolved "https://registry.yarnpkg.com/path-is-absolute/-/path-is-absolute-1.0.1.tgz#174b9268735534ffbc7ace6bf53a5a9e1b5c5f5f"

popper.js@^1.14.4:
  version "1.16.0"
  resolved "https://registry.yarnpkg.com/popper.js/-/popper.js-1.16.0.tgz#2e1816bcbbaa518ea6c2e15a466f4cb9c6e2fbb3"

popper.js@^1.16.1:
  version "1.16.1"
  resolved "https://registry.yarnpkg.com/popper.js/-/popper.js-1.16.1.tgz#2a223cb3dc7b6213d740e40372be40de43e65b1b"

postcss@^8.0.2:
  version "8.3.6"
  resolved "https://registry.yarnpkg.com/postcss/-/postcss-8.3.6.tgz#2730dd76a97969f37f53b9a6096197be311cc4ea"
  dependencies:
    colorette "^1.2.2"
    nanoid "^3.1.23"
    source-map-js "^0.6.2"

prop-types@^15.6.1, prop-types@^15.6.2:
  version "15.7.2"
  resolved "https://registry.yarnpkg.com/prop-types/-/prop-types-15.7.2.tgz#52c41e75b8c87e72b9d9360e0206b99dcbffa6c5"
  dependencies:
    loose-envify "^1.4.0"
    object-assign "^4.1.1"
    react-is "^16.8.1"

prr@~1.0.1:
  version "1.0.1"
  resolved "https://registry.yarnpkg.com/prr/-/prr-1.0.1.tgz#d3fc114ba06995a45ec6893f484ceb1d78f5f476"

punycode@1.3.2:
  version "1.3.2"
  resolved "https://registry.yarnpkg.com/punycode/-/punycode-1.3.2.tgz#9653a036fb7c1ee42342f2325cceefea3926c48d"

punycode@^2.1.0:
  version "2.1.1"
  resolved "https://registry.yarnpkg.com/punycode/-/punycode-2.1.1.tgz#b58b010ac40c22c5657616c8d2c2c02c7bf479ec"

querystring@0.2.0:
  version "0.2.0"
  resolved "https://registry.yarnpkg.com/querystring/-/querystring-0.2.0.tgz#b209849203bb25df820da756e747005878521620"

querystringify@^2.1.1:
  version "2.2.0"
  resolved "https://registry.yarnpkg.com/querystringify/-/querystringify-2.2.0.tgz#3345941b4153cb9d082d8eee4cda2016a9aef7f6"

react-dom@^17.0.1:
  version "17.0.2"
  resolved "https://registry.yarnpkg.com/react-dom/-/react-dom-17.0.2.tgz#ecffb6845e3ad8dbfcdc498f0d0a939736502c23"
  dependencies:
    loose-envify "^1.1.0"
    object-assign "^4.1.1"
    scheduler "^0.20.2"

react-is@^16.8.1:
  version "16.8.6"
  resolved "https://registry.yarnpkg.com/react-is/-/react-is-16.8.6.tgz#5bbc1e2d29141c9fbdfed456343fe2bc430a6a16"

react-lifecycles-compat@^3.0.4:
  version "3.0.4"
  resolved "https://registry.yarnpkg.com/react-lifecycles-compat/-/react-lifecycles-compat-3.0.4.tgz#4f1a273afdfc8f3488a8c516bfda78f872352362"

react-popper@^1.3.7:
  version "1.3.7"
  resolved "https://registry.yarnpkg.com/react-popper/-/react-popper-1.3.7.tgz#f6a3471362ef1f0d10a4963673789de1baca2324"
  dependencies:
    "@babel/runtime" "^7.1.2"
    create-react-context "^0.3.0"
    deep-equal "^1.1.1"
    popper.js "^1.14.4"
    prop-types "^15.6.1"
    typed-styles "^0.0.7"
    warning "^4.0.2"

react-transition-group@^2.9.0:
  version "2.9.0"
  resolved "https://registry.yarnpkg.com/react-transition-group/-/react-transition-group-2.9.0.tgz#df9cdb025796211151a436c69a8f3b97b5b07c8d"
  dependencies:
    dom-helpers "^3.4.0"
    loose-envify "^1.4.0"
    prop-types "^15.6.2"
    react-lifecycles-compat "^3.0.4"

react@^17.0.1:
  version "17.0.2"
  resolved "https://registry.yarnpkg.com/react/-/react-17.0.2.tgz#d0b5cc516d29eb3eee383f75b62864cfb6800037"
  dependencies:
    loose-envify "^1.1.0"
    object-assign "^4.1.1"

readable-stream@^3.4.0:
  version "3.6.0"
  resolved "https://registry.yarnpkg.com/readable-stream/-/readable-stream-3.6.0.tgz#337bbda3adc0706bd3e024426a286d4b4b2c9198"
  dependencies:
    inherits "^2.0.3"
    string_decoder "^1.1.1"
    util-deprecate "^1.0.1"

regenerator-runtime@^0.13.2:
  version "0.13.3"
  resolved "https://registry.yarnpkg.com/regenerator-runtime/-/regenerator-runtime-0.13.3.tgz#7cf6a77d8f5c6f60eb73c5fc1955b2ceb01e6bf5"

regexp.prototype.flags@^1.2.0:
  version "1.3.0"
  resolved "https://registry.yarnpkg.com/regexp.prototype.flags/-/regexp.prototype.flags-1.3.0.tgz#7aba89b3c13a64509dabcf3ca8d9fbb9bdf5cb75"
  dependencies:
    define-properties "^1.1.3"
    es-abstract "^1.17.0-next.1"

requires-port@^1.0.0:
  version "1.0.0"
  resolved "https://registry.yarnpkg.com/requires-port/-/requires-port-1.0.0.tgz#925d2601d39ac485e091cf0da5c6e694dc3dcaff"

resize-observer-polyfill@^1.5.1:
  version "1.5.1"
  resolved "https://registry.yarnpkg.com/resize-observer-polyfill/-/resize-observer-polyfill-1.5.1.tgz#0e9020dd3d21024458d4ebd27e23e40269810464"

rimraf@^2.6.1:
  version "2.6.3"
  resolved "https://registry.yarnpkg.com/rimraf/-/rimraf-2.6.3.tgz#b2d104fe0d8fb27cf9e0a1cda8262dd3833c6cab"
  dependencies:
    glob "^7.1.3"

safe-buffer@~5.1.0:
  version "5.1.2"
  resolved "https://registry.yarnpkg.com/safe-buffer/-/safe-buffer-5.1.2.tgz#991ec69d296e0313747d59bdfd2b745c35f8828d"

sanitize-html@~2.3.3:
  version "2.3.3"
  resolved "https://registry.yarnpkg.com/sanitize-html/-/sanitize-html-2.3.3.tgz#3db382c9a621cce4c46d90f10c64f1e9da9e8353"
  dependencies:
    deepmerge "^4.2.2"
    escape-string-regexp "^4.0.0"
    htmlparser2 "^6.0.0"
    is-plain-object "^5.0.0"
    klona "^2.0.3"
    parse-srcset "^1.0.2"
    postcss "^8.0.2"

scheduler@^0.20.2:
  version "0.20.2"
  resolved "https://registry.yarnpkg.com/scheduler/-/scheduler-0.20.2.tgz#4baee39436e34aa93b4874bddcbf0fe8b8b50e91"
  dependencies:
    loose-envify "^1.1.0"
    object-assign "^4.1.1"

source-map-js@^0.6.2:
  version "0.6.2"
  resolved "https://registry.yarnpkg.com/source-map-js/-/source-map-js-0.6.2.tgz#0bb5de631b41cfbda6cfba8bd05a80efdfd2385e"

string.prototype.trimend@^1.0.1:
  version "1.0.1"
  resolved "https://registry.yarnpkg.com/string.prototype.trimend/-/string.prototype.trimend-1.0.1.tgz#85812a6b847ac002270f5808146064c995fb6913"
  dependencies:
    define-properties "^1.1.3"
    es-abstract "^1.17.5"

string.prototype.trimstart@^1.0.1:
  version "1.0.1"
  resolved "https://registry.yarnpkg.com/string.prototype.trimstart/-/string.prototype.trimstart-1.0.1.tgz#14af6d9f34b053f7cfc89b72f8f2ee14b9039a54"
  dependencies:
    define-properties "^1.1.3"
    es-abstract "^1.17.5"

string_decoder@^1.1.1:
  version "1.2.0"
  resolved "https://registry.yarnpkg.com/string_decoder/-/string_decoder-1.2.0.tgz#fe86e738b19544afe70469243b2a1ee9240eae8d"
  dependencies:
    safe-buffer "~5.1.0"

tslib@~1.13.0:
  version "1.13.0"
  resolved "https://registry.yarnpkg.com/tslib/-/tslib-1.13.0.tgz#c881e13cc7015894ed914862d276436fa9a47043"

typed-styles@^0.0.7:
  version "0.0.7"
  resolved "https://registry.yarnpkg.com/typed-styles/-/typed-styles-0.0.7.tgz#93392a008794c4595119ff62dde6809dbc40a3d9"

typescript@~3.7.3:
  version "3.7.5"
  resolved "https://registry.yarnpkg.com/typescript/-/typescript-3.7.5.tgz#0692e21f65fd4108b9330238aac11dd2e177a1ae"

typestyle@^2.0.4:
  version "2.1.0"
  resolved "https://registry.yarnpkg.com/typestyle/-/typestyle-2.1.0.tgz#7c5cc567de72cd8bfb686813150b92791aaa7636"
  dependencies:
    csstype "2.6.9"
    free-style "3.1.0"

uri-js@^4.2.2:
  version "4.2.2"
  resolved "https://registry.yarnpkg.com/uri-js/-/uri-js-4.2.2.tgz#94c540e1ff772956e2299507c010aea6c8838eb0"
  dependencies:
    punycode "^2.1.0"

url-parse@~1.5.1:
  version "1.5.3"
  resolved "https://registry.yarnpkg.com/url-parse/-/url-parse-1.5.3.tgz#71c1303d38fb6639ade183c2992c8cc0686df862"
  dependencies:
    querystringify "^2.1.1"
    requires-port "^1.0.0"

url@^0.11.0:
  version "0.11.0"
  resolved "https://registry.yarnpkg.com/url/-/url-0.11.0.tgz#3838e97cfc60521eb73c525a8e55bfdd9e2e28f1"
  dependencies:
    punycode "1.3.2"
    querystring "0.2.0"

util-deprecate@^1.0.1:
  version "1.0.2"
  resolved "https://registry.yarnpkg.com/util-deprecate/-/util-deprecate-1.0.2.tgz#450d4dc9fa70de732762fbd2d4a28981419a0ccf"

warning@^4.0.2, warning@^4.0.3:
  version "4.0.3"
  resolved "https://registry.yarnpkg.com/warning/-/warning-4.0.3.tgz#16e9e077eb8a86d6af7d64aa1e05fd85b4678ca3"
  dependencies:
    loose-envify "^1.0.0"

wrappy@1:
  version "1.0.2"
  resolved "https://registry.yarnpkg.com/wrappy/-/wrappy-1.0.2.tgz#b5243d8f3ec1aa35f1364605bc0d1036e30ab69f"

ws@^6.2.1:
  version "6.2.2"
  resolved "https://registry.yarnpkg.com/ws/-/ws-6.2.2.tgz#dd5cdbd57a9979916097652d78f1cc5faea0c32e"
  dependencies:
    async-limiter "~1.0.0"

ws@^7.4.6:
  version "7.5.4"
  resolved "https://registry.yarnpkg.com/ws/-/ws-7.5.4.tgz#56bfa20b167427e138a7795de68d134fe92e21f9"

xtend@^4.0.2, xtend@~4.0.0:
  version "4.0.2"
  resolved "https://registry.yarnpkg.com/xtend/-/xtend-4.0.2.tgz#bb72779f5fa465186b1f438f674fa347fdb5db54"

y-codemirror@^2.1.1:
  version "2.1.1"
  resolved "https://registry.yarnpkg.com/y-codemirror/-/y-codemirror-2.1.1.tgz#e841fc3001b719d7fa457dd7a9748205e2874fe9"
  dependencies:
    lib0 "^0.2.41"

y-leveldb@^0.1.0:
  version "0.1.0"
  resolved "https://registry.yarnpkg.com/y-leveldb/-/y-leveldb-0.1.0.tgz#8b60c1af020252445875ebc70d52666017bcb038"
  dependencies:
    level "^6.0.1"
    lib0 "^0.2.31"

y-protocols@^1.0.5:
  version "1.0.5"
  resolved "https://registry.yarnpkg.com/y-protocols/-/y-protocols-1.0.5.tgz#91d574250060b29fcac8f8eb5e276fbad594245e"
  dependencies:
    lib0 "^0.2.42"

y-websocket@^1.3.15:
  version "1.3.16"
  resolved "https://registry.yarnpkg.com/y-websocket/-/y-websocket-1.3.16.tgz#0ec1a141d593933dfbfba2fb9fa9d95dca332c89"
  dependencies:
    lib0 "^0.2.42"
    lodash.debounce "^4.0.8"
    y-protocols "^1.0.5"
  optionalDependencies:
    ws "^6.2.1"
    y-leveldb "^0.1.0"

yjs@^13.5.6:
  version "13.5.12"
  resolved "https://registry.yarnpkg.com/yjs/-/yjs-13.5.12.tgz#7a0cf3119fb368c07243825e989a55de164b3f9c"
  dependencies:
    lib0 "^0.2.41"
